
Microsoft Visual Studio Solution File, Format Version 12.00
# Visual Studio 15
Project("{FAE04EC0-301F-11D3-BF4B-00C04F79EFBC}") = "CompanyService", "CompanyService\CompanyService.csproj", "{727EA2A4-540F-4F76-833E-6F6866915DEB}"
EndProject
Project("{FAE04EC0-301F-11D3-BF4B-00C04F79EFBC}") = "CompanyService.Test", "CompanyService.Test\CompanyService.Test.csproj", "{FFBDBC2D-C2C1-47C5-8EB8-F8619A9DCA83}"
EndProject
Project("{E53339B2-1760-4266-BCC7-CA923CBCF16C}") = "docker-compose", "docker-compose.dcproj", "{F3F2DA70-CB14-4589-825C-B04F96469AD2}"
EndProject
Global
	GlobalSection(SolutionConfigurationPlatforms) = preSolution
		Debug|Any CPU = Debug|Any CPU
		Release|Any CPU = Release|Any CPU
	EndGlobalSection
	GlobalSection(ProjectConfigurationPlatforms) = postSolution
		{727EA2A4-540F-4F76-833E-6F6866915DEB}.Debug|Any CPU.ActiveCfg = Debug|Any CPU
		{727EA2A4-540F-4F76-833E-6F6866915DEB}.Debug|Any CPU.Build.0 = Debug|Any CPU
		{727EA2A4-540F-4F76-833E-6F6866915DEB}.Release|Any CPU.ActiveCfg = Release|Any CPU
		{727EA2A4-540F-4F76-833E-6F6866915DEB}.Release|Any CPU.Build.0 = Release|Any CPU
		{FFBDBC2D-C2C1-47C5-8EB8-F8619A9DCA83}.Debug|Any CPU.ActiveCfg = Debug|Any CPU
		{FFBDBC2D-C2C1-47C5-8EB8-F8619A9DCA83}.Debug|Any CPU.Build.0 = Debug|Any CPU
		{FFBDBC2D-C2C1-47C5-8EB8-F8619A9DCA83}.Release|Any CPU.ActiveCfg = Release|Any CPU
		{FFBDBC2D-C2C1-47C5-8EB8-F8619A9DCA83}.Release|Any CPU.Build.0 = Release|Any CPU
		{F3F2DA70-CB14-4589-825C-B04F96469AD2}.Debug|Any CPU.ActiveCfg = Debug|Any CPU
		{F3F2DA70-CB14-4589-825C-B04F96469AD2}.Debug|Any CPU.Build.0 = Debug|Any CPU
		{F3F2DA70-CB14-4589-825C-B04F96469AD2}.Release|Any CPU.ActiveCfg = Release|Any CPU
		{F3F2DA70-CB14-4589-825C-B04F96469AD2}.Release|Any CPU.Build.0 = Release|Any CPU
	EndGlobalSection
	GlobalSection(MonoDevelopProperties) = preSolution
		Policies = $0
		$0.DotNetNamingPolicy = $1
		$1.DirectoryNamespaceAssociation = PrefixedHierarchical
		$0.StandardHeader = $2
		$0.VersionControlPolicy = $3
	EndGlobalSection
EndGlobal
